
Microsoft Visual Studio Solution File, Format Version 12.00
# Visual Studio 15
VisualStudioVersion = 15.0.26730.15
MinimumVisualStudioVersion = 10.0.40219.1
Project("{FAE04EC0-301F-11D3-BF4B-00C04F79EFBC}") = "Pirma", "Pirma\Pirma.csproj", "{1E154A3F-E481-4279-9C40-170D634950FC}"
EndProject
Global
	GlobalSection(SolutionConfigurationPlatforms) = preSolution
		Debug|Any CPU = Debug|Any CPU
		Release|Any CPU = Release|Any CPU
	EndGlobalSection
	GlobalSection(ProjectConfigurationPlatforms) = postSolution
		{1E154A3F-E481-4279-9C40-170D634950FC}.Debug|Any CPU.ActiveCfg = Debug|Any CPU
		{1E154A3F-E481-4279-9C40-170D634950FC}.Debug|Any CPU.Build.0 = Debug|Any CPU
		{1E154A3F-E481-4279-9C40-170D634950FC}.Release|Any CPU.ActiveCfg = Release|Any CPU
		{1E154A3F-E481-4279-9C40-170D634950FC}.Release|Any CPU.Build.0 = Release|Any CPU
	EndGlobalSection
	GlobalSection(SolutionProperties) = preSolution
		HideSolutionNode = FALSE
	EndGlobalSection
	GlobalSection(ExtensibilityGlobals) = postSolution
		SolutionGuid = {2C0B4028-AF18-4029-8C41-8D2B83B88156}
	EndGlobalSection
EndGlobal
