
Microsoft Visual Studio Solution File, Format Version 12.00
# Visual Studio 15
VisualStudioVersion = 15.0.26730.15
MinimumVisualStudioVersion = 10.0.40219.1
Project("{FAE04EC0-301F-11D3-BF4B-00C04F79EFBC}") = "P3 laboratorinis", "P3 laboratorinis\P3 laboratorinis.csproj", "{E95EDCF7-7810-4A2C-9C0B-530AD14F4010}"
EndProject
Global
	GlobalSection(SolutionConfigurationPlatforms) = preSolution
		Debug|Any CPU = Debug|Any CPU
		Release|Any CPU = Release|Any CPU
	EndGlobalSection
	GlobalSection(ProjectConfigurationPlatforms) = postSolution
		{E95EDCF7-7810-4A2C-9C0B-530AD14F4010}.Debug|Any CPU.ActiveCfg = Debug|Any CPU
		{E95EDCF7-7810-4A2C-9C0B-530AD14F4010}.Debug|Any CPU.Build.0 = Debug|Any CPU
		{E95EDCF7-7810-4A2C-9C0B-530AD14F4010}.Release|Any CPU.ActiveCfg = Release|Any CPU
		{E95EDCF7-7810-4A2C-9C0B-530AD14F4010}.Release|Any CPU.Build.0 = Release|Any CPU
	EndGlobalSection
	GlobalSection(SolutionProperties) = preSolution
		HideSolutionNode = FALSE
	EndGlobalSection
	GlobalSection(ExtensibilityGlobals) = postSolution
		SolutionGuid = {6A61A5EC-D04B-4F31-8A4F-A46888A03DD7}
	EndGlobalSection
EndGlobal
