
Microsoft Visual Studio Solution File, Format Version 12.00
# Visual Studio 14
VisualStudioVersion = 14.0.25420.1
MinimumVisualStudioVersion = 10.0.40219.1
Project("{FAE04EC0-301F-11D3-BF4B-00C04F79EFBC}") = "Dviratis_1", "Dviratis\Dviratis_1.csproj", "{D0E322DD-E27C-4EA3-A663-6CA93DCDEE5E}"
EndProject
Project("{FAE04EC0-301F-11D3-BF4B-00C04F79EFBC}") = "Turistai", "Turistai\Turistai.csproj", "{7B63E378-2CB8-4A43-9C02-D5848E80D864}"
EndProject
Project("{FAE04EC0-301F-11D3-BF4B-00C04F79EFBC}") = "Dviratis_2", "Dviratis_2\Dviratis_2.csproj", "{6CBF84C0-1ED2-4ADF-B404-5AD57D70E542}"
EndProject
Project("{FAE04EC0-301F-11D3-BF4B-00C04F79EFBC}") = "Barbora ir Anupras", "Barbora ir Anupras\Barbora ir Anupras.csproj", "{FDAFD82D-1058-4D54-BEE3-723C496070C5}"
EndProject
Project("{FAE04EC0-301F-11D3-BF4B-00C04F79EFBC}") = "Dviratis_3", "Dviratis_3\Dviratis_3.csproj", "{25B65172-F057-4CE5-B0EC-7E0F8276C126}"
EndProject
Project("{FAE04EC0-301F-11D3-BF4B-00C04F79EFBC}") = "Lietuvos keliai", "Lietuvos keliai\Lietuvos keliai.csproj", "{F3B73631-6180-44DD-94E0-3200E6D6BD73}"
EndProject
Project("{FAE04EC0-301F-11D3-BF4B-00C04F79EFBC}") = "Firmos automobilių degalų sąnaudos", "Firmos automobilių degalų sąnaudos\Firmos automobilių degalų sąnaudos.csproj", "{FDF5D223-7E53-4D2A-862F-287E90CF4283}"
EndProject
Project("{FAE04EC0-301F-11D3-BF4B-00C04F79EFBC}") = "Kepykla (U3_11)", "Kepykla\Kepykla (U3_11).csproj", "{688CBAA8-F25C-4D10-830F-2165DF508448}"
EndProject
Global
	GlobalSection(SolutionConfigurationPlatforms) = preSolution
		Debug|Any CPU = Debug|Any CPU
		Debug|x86 = Debug|x86
		Release|Any CPU = Release|Any CPU
		Release|x86 = Release|x86
	EndGlobalSection
	GlobalSection(ProjectConfigurationPlatforms) = postSolution
		{D0E322DD-E27C-4EA3-A663-6CA93DCDEE5E}.Debug|Any CPU.ActiveCfg = Debug|Any CPU
		{D0E322DD-E27C-4EA3-A663-6CA93DCDEE5E}.Debug|Any CPU.Build.0 = Debug|Any CPU
		{D0E322DD-E27C-4EA3-A663-6CA93DCDEE5E}.Debug|x86.ActiveCfg = Debug|Any CPU
		{D0E322DD-E27C-4EA3-A663-6CA93DCDEE5E}.Debug|x86.Build.0 = Debug|Any CPU
		{D0E322DD-E27C-4EA3-A663-6CA93DCDEE5E}.Release|Any CPU.ActiveCfg = Release|Any CPU
		{D0E322DD-E27C-4EA3-A663-6CA93DCDEE5E}.Release|Any CPU.Build.0 = Release|Any CPU
		{D0E322DD-E27C-4EA3-A663-6CA93DCDEE5E}.Release|x86.ActiveCfg = Release|Any CPU
		{D0E322DD-E27C-4EA3-A663-6CA93DCDEE5E}.Release|x86.Build.0 = Release|Any CPU
		{7B63E378-2CB8-4A43-9C02-D5848E80D864}.Debug|Any CPU.ActiveCfg = Debug|Any CPU
		{7B63E378-2CB8-4A43-9C02-D5848E80D864}.Debug|Any CPU.Build.0 = Debug|Any CPU
		{7B63E378-2CB8-4A43-9C02-D5848E80D864}.Debug|x86.ActiveCfg = Debug|Any CPU
		{7B63E378-2CB8-4A43-9C02-D5848E80D864}.Debug|x86.Build.0 = Debug|Any CPU
		{7B63E378-2CB8-4A43-9C02-D5848E80D864}.Release|Any CPU.ActiveCfg = Release|Any CPU
		{7B63E378-2CB8-4A43-9C02-D5848E80D864}.Release|Any CPU.Build.0 = Release|Any CPU
		{7B63E378-2CB8-4A43-9C02-D5848E80D864}.Release|x86.ActiveCfg = Release|Any CPU
		{7B63E378-2CB8-4A43-9C02-D5848E80D864}.Release|x86.Build.0 = Release|Any CPU
		{6CBF84C0-1ED2-4ADF-B404-5AD57D70E542}.Debug|Any CPU.ActiveCfg = Debug|Any CPU
		{6CBF84C0-1ED2-4ADF-B404-5AD57D70E542}.Debug|Any CPU.Build.0 = Debug|Any CPU
		{6CBF84C0-1ED2-4ADF-B404-5AD57D70E542}.Debug|x86.ActiveCfg = Debug|Any CPU
		{6CBF84C0-1ED2-4ADF-B404-5AD57D70E542}.Debug|x86.Build.0 = Debug|Any CPU
		{6CBF84C0-1ED2-4ADF-B404-5AD57D70E542}.Release|Any CPU.ActiveCfg = Release|Any CPU
		{6CBF84C0-1ED2-4ADF-B404-5AD57D70E542}.Release|Any CPU.Build.0 = Release|Any CPU
		{6CBF84C0-1ED2-4ADF-B404-5AD57D70E542}.Release|x86.ActiveCfg = Release|Any CPU
		{6CBF84C0-1ED2-4ADF-B404-5AD57D70E542}.Release|x86.Build.0 = Release|Any CPU
		{FDAFD82D-1058-4D54-BEE3-723C496070C5}.Debug|Any CPU.ActiveCfg = Debug|Any CPU
		{FDAFD82D-1058-4D54-BEE3-723C496070C5}.Debug|Any CPU.Build.0 = Debug|Any CPU
		{FDAFD82D-1058-4D54-BEE3-723C496070C5}.Debug|x86.ActiveCfg = Debug|Any CPU
		{FDAFD82D-1058-4D54-BEE3-723C496070C5}.Debug|x86.Build.0 = Debug|Any CPU
		{FDAFD82D-1058-4D54-BEE3-723C496070C5}.Release|Any CPU.ActiveCfg = Release|Any CPU
		{FDAFD82D-1058-4D54-BEE3-723C496070C5}.Release|Any CPU.Build.0 = Release|Any CPU
		{FDAFD82D-1058-4D54-BEE3-723C496070C5}.Release|x86.ActiveCfg = Release|Any CPU
		{FDAFD82D-1058-4D54-BEE3-723C496070C5}.Release|x86.Build.0 = Release|Any CPU
		{25B65172-F057-4CE5-B0EC-7E0F8276C126}.Debug|Any CPU.ActiveCfg = Debug|Any CPU
		{25B65172-F057-4CE5-B0EC-7E0F8276C126}.Debug|Any CPU.Build.0 = Debug|Any CPU
		{25B65172-F057-4CE5-B0EC-7E0F8276C126}.Debug|x86.ActiveCfg = Debug|Any CPU
		{25B65172-F057-4CE5-B0EC-7E0F8276C126}.Debug|x86.Build.0 = Debug|Any CPU
		{25B65172-F057-4CE5-B0EC-7E0F8276C126}.Release|Any CPU.ActiveCfg = Release|Any CPU
		{25B65172-F057-4CE5-B0EC-7E0F8276C126}.Release|Any CPU.Build.0 = Release|Any CPU
		{25B65172-F057-4CE5-B0EC-7E0F8276C126}.Release|x86.ActiveCfg = Release|Any CPU
		{25B65172-F057-4CE5-B0EC-7E0F8276C126}.Release|x86.Build.0 = Release|Any CPU
		{F3B73631-6180-44DD-94E0-3200E6D6BD73}.Debug|Any CPU.ActiveCfg = Debug|Any CPU
		{F3B73631-6180-44DD-94E0-3200E6D6BD73}.Debug|Any CPU.Build.0 = Debug|Any CPU
		{F3B73631-6180-44DD-94E0-3200E6D6BD73}.Debug|x86.ActiveCfg = Debug|Any CPU
		{F3B73631-6180-44DD-94E0-3200E6D6BD73}.Debug|x86.Build.0 = Debug|Any CPU
		{F3B73631-6180-44DD-94E0-3200E6D6BD73}.Release|Any CPU.ActiveCfg = Release|Any CPU
		{F3B73631-6180-44DD-94E0-3200E6D6BD73}.Release|Any CPU.Build.0 = Release|Any CPU
		{F3B73631-6180-44DD-94E0-3200E6D6BD73}.Release|x86.ActiveCfg = Release|Any CPU
		{F3B73631-6180-44DD-94E0-3200E6D6BD73}.Release|x86.Build.0 = Release|Any CPU
		{FDF5D223-7E53-4D2A-862F-287E90CF4283}.Debug|Any CPU.ActiveCfg = Debug|Any CPU
		{FDF5D223-7E53-4D2A-862F-287E90CF4283}.Debug|Any CPU.Build.0 = Debug|Any CPU
		{FDF5D223-7E53-4D2A-862F-287E90CF4283}.Debug|x86.ActiveCfg = Debug|Any CPU
		{FDF5D223-7E53-4D2A-862F-287E90CF4283}.Debug|x86.Build.0 = Debug|Any CPU
		{FDF5D223-7E53-4D2A-862F-287E90CF4283}.Release|Any CPU.ActiveCfg = Release|Any CPU
		{FDF5D223-7E53-4D2A-862F-287E90CF4283}.Release|Any CPU.Build.0 = Release|Any CPU
		{FDF5D223-7E53-4D2A-862F-287E90CF4283}.Release|x86.ActiveCfg = Release|Any CPU
		{FDF5D223-7E53-4D2A-862F-287E90CF4283}.Release|x86.Build.0 = Release|Any CPU
		{688CBAA8-F25C-4D10-830F-2165DF508448}.Debug|Any CPU.ActiveCfg = Debug|Any CPU
		{688CBAA8-F25C-4D10-830F-2165DF508448}.Debug|Any CPU.Build.0 = Debug|Any CPU
		{688CBAA8-F25C-4D10-830F-2165DF508448}.Debug|x86.ActiveCfg = Debug|Any CPU
		{688CBAA8-F25C-4D10-830F-2165DF508448}.Debug|x86.Build.0 = Debug|Any CPU
		{688CBAA8-F25C-4D10-830F-2165DF508448}.Release|Any CPU.ActiveCfg = Release|Any CPU
		{688CBAA8-F25C-4D10-830F-2165DF508448}.Release|Any CPU.Build.0 = Release|Any CPU
		{688CBAA8-F25C-4D10-830F-2165DF508448}.Release|x86.ActiveCfg = Release|Any CPU
		{688CBAA8-F25C-4D10-830F-2165DF508448}.Release|x86.Build.0 = Release|Any CPU
	EndGlobalSection
	GlobalSection(SolutionProperties) = preSolution
		HideSolutionNode = FALSE
	EndGlobalSection
EndGlobal
